
Microsoft Visual Studio Solution File, Format Version 12.00
# Visual Studio Version 16
VisualStudioVersion = 16.0.29411.138
MinimumVisualStudioVersion = 10.0.40219.1
Project("{FAE04EC0-301F-11D3-BF4B-00C04F79EFBC}") = "ProyectoLista1", "ProyectoLista1\ProyectoLista1.csproj", "{CEB70648-B500-4ACF-9E8B-F518A0A9A680}"
EndProject
Global
	GlobalSection(SolutionConfigurationPlatforms) = preSolution
		Debug|Any CPU = Debug|Any CPU
		Release|Any CPU = Release|Any CPU
	EndGlobalSection
	GlobalSection(ProjectConfigurationPlatforms) = postSolution
		{CEB70648-B500-4ACF-9E8B-F518A0A9A680}.Debug|Any CPU.ActiveCfg = Debug|Any CPU
		{CEB70648-B500-4ACF-9E8B-F518A0A9A680}.Debug|Any CPU.Build.0 = Debug|Any CPU
		{CEB70648-B500-4ACF-9E8B-F518A0A9A680}.Release|Any CPU.ActiveCfg = Release|Any CPU
		{CEB70648-B500-4ACF-9E8B-F518A0A9A680}.Release|Any CPU.Build.0 = Release|Any CPU
	EndGlobalSection
	GlobalSection(SolutionProperties) = preSolution
		HideSolutionNode = FALSE
	EndGlobalSection
	GlobalSection(ExtensibilityGlobals) = postSolution
		SolutionGuid = {52FF4EBE-B9AA-40E5-A5A2-39F4C58CF99D}
	EndGlobalSection
EndGlobal
